# This file is generated by running "yarn install" inside your project.
# Manual changes might be lost - proceed with caution!

__metadata:
  version: 10
  cacheKey: 10c0

"@sindresorhus/slugify@npm:^2.0.0":
  version: 2.2.1
  resolution: "@sindresorhus/slugify@npm:2.2.1"
  dependencies:
    "@sindresorhus/transliterate": "npm:^1.0.0"
    escape-string-regexp: "npm:^5.0.0"
  checksum: 10c0/c3fe41d917347f0e2a1e25a48225afffde8ef379a26217e749d5267e965f564c6a555fa17475b637d6fd84645f42e1e4b530477b57110fa80428024a0fadba25
  languageName: node
  linkType: hard

"@sindresorhus/transliterate@npm:^1.0.0":
  version: 1.6.0
  resolution: "@sindresorhus/transliterate@npm:1.6.0"
  dependencies:
    escape-string-regexp: "npm:^5.0.0"
  checksum: 10c0/c5552abd98eb4ab3a8653ccb7addf24e0b6f2aa2a4c420689033f8c9d292abb2222fc08e330adf4055580ac78fe810b7467ed012cdf38f4d64175c42571b8b15
  languageName: node
  linkType: hard

"debug@npm:^4.3.0":
  version: 4.4.3
  resolution: "debug@npm:4.4.3"
  dependencies:
    ms: "npm:^2.1.3"
  peerDependenciesMeta:
    supports-color:
      optional: true
  checksum: 10c0/d79136ec6c83ecbefd0f6a5593da6a9c91ec4d7ddc4b54c883d6e71ec9accb5f67a1a5e96d00a328196b5b5c86d365e98d8a3a70856aaf16b4e7b1985e67f5a6
  languageName: node
  linkType: hard

"escape-string-regexp@npm:^5.0.0":
  version: 5.0.0
  resolution: "escape-string-regexp@npm:5.0.0"
  checksum: 10c0/6366f474c6f37a802800a435232395e04e9885919873e382b157ab7e8f0feb8fed71497f84a6f6a81a49aab41815522f5839112bd38026d203aea0c91622df95
  languageName: node
  linkType: hard

"lf@workspace:.":
  version: 0.0.0-use.local
  resolution: "lf@workspace:."
  dependencies:
    "@sindresorhus/slugify": "npm:^2.0.0"
    debug: "npm:^4.3.0"
    ms: "npm:2.1.2"
  languageName: unknown
  linkType: soft

"ms@npm:2.1.2":
  version: 2.1.2
  resolution: "ms@npm:2.1.2"
  checksum: 10c0/a437714e2f90dbf881b5191d35a6db792efbca5badf112f87b9e1c712aace4b4b9b742dd6537f3edf90fd6f684de897cec230abde57e87883766712ddda297cc
  languageName: node
  linkType: hard

"ms@npm:^2.1.3":
  version: 2.1.3
  resolution: "ms@npm:2.1.3"
  checksum: 10c0/d924b57e7312b3b63ad21fc5b3dc0af5e78d61a1fc7cfb5457edaf26326bf62be5307cc87ffb6862ef1c2b33b0233cdb5d4f01c4c958cc0d660948b65a287a48
  languageName: node
  linkType: hard
